
Microsoft Visual Studio Solution File, Format Version 12.00
# Visual Studio Version 17
VisualStudioVersion = 17.8.34408.163
MinimumVisualStudioVersion = 10.0.40219.1
Project("{FAE04EC0-301F-11D3-BF4B-00C04F79EFBC}") = "Ribeirão Preto 2024 Exercicio 2", "Ribeirão Preto 2024 Exercicio 2\Ribeirão Preto 2024 Exercicio 2.csproj", "{D5535713-F69A-47DC-9FE9-4B059FD52B3C}"
EndProject
Global
	GlobalSection(SolutionConfigurationPlatforms) = preSolution
		Debug|Any CPU = Debug|Any CPU
		Release|Any CPU = Release|Any CPU
	EndGlobalSection
	GlobalSection(ProjectConfigurationPlatforms) = postSolution
		{D5535713-F69A-47DC-9FE9-4B059FD52B3C}.Debug|Any CPU.ActiveCfg = Debug|Any CPU
		{D5535713-F69A-47DC-9FE9-4B059FD52B3C}.Debug|Any CPU.Build.0 = Debug|Any CPU
		{D5535713-F69A-47DC-9FE9-4B059FD52B3C}.Release|Any CPU.ActiveCfg = Release|Any CPU
		{D5535713-F69A-47DC-9FE9-4B059FD52B3C}.Release|Any CPU.Build.0 = Release|Any CPU
	EndGlobalSection
	GlobalSection(SolutionProperties) = preSolution
		HideSolutionNode = FALSE
	EndGlobalSection
	GlobalSection(ExtensibilityGlobals) = postSolution
		SolutionGuid = {73D80300-5EC7-4A29-BCFB-79B911C7D3EC}
	EndGlobalSection
EndGlobal
